
Microsoft Visual Studio Solution File, Format Version 12.00
# Visual Studio Version 17
VisualStudioVersion = 17.9.34728.123
MinimumVisualStudioVersion = 10.0.40219.1
Project("{9A19103F-16F7-4668-BE54-9A1E7A4F7556}") = "FunctionsPurger", "FunctionsPurger\FunctionsPurger.csproj", "{026E9F5B-4690-40ED-B5A6-E31AAA8C619D}"
EndProject
Project("{FAE04EC0-301F-11D3-BF4B-00C04F79EFBC}") = "BenchmarkMerger", "BenchmarkMerger\BenchmarkMerger.csproj", "{38F362C6-71C3-4B0D-BC89-688E693C72B9}"
EndProject
Global
	GlobalSection(SolutionConfigurationPlatforms) = preSolution
		Debug|Any CPU = Debug|Any CPU
		Release|Any CPU = Release|Any CPU
	EndGlobalSection
	GlobalSection(ProjectConfigurationPlatforms) = postSolution
		{026E9F5B-4690-40ED-B5A6-E31AAA8C619D}.Debug|Any CPU.ActiveCfg = Debug|Any CPU
		{026E9F5B-4690-40ED-B5A6-E31AAA8C619D}.Debug|Any CPU.Build.0 = Debug|Any CPU
		{026E9F5B-4690-40ED-B5A6-E31AAA8C619D}.Release|Any CPU.ActiveCfg = Release|Any CPU
		{026E9F5B-4690-40ED-B5A6-E31AAA8C619D}.Release|Any CPU.Build.0 = Release|Any CPU
		{38F362C6-71C3-4B0D-BC89-688E693C72B9}.Debug|Any CPU.ActiveCfg = Debug|Any CPU
		{38F362C6-71C3-4B0D-BC89-688E693C72B9}.Debug|Any CPU.Build.0 = Debug|Any CPU
		{38F362C6-71C3-4B0D-BC89-688E693C72B9}.Release|Any CPU.ActiveCfg = Release|Any CPU
		{38F362C6-71C3-4B0D-BC89-688E693C72B9}.Release|Any CPU.Build.0 = Release|Any CPU
	EndGlobalSection
	GlobalSection(SolutionProperties) = preSolution
		HideSolutionNode = FALSE
	EndGlobalSection
	GlobalSection(ExtensibilityGlobals) = postSolution
		SolutionGuid = {003657CE-F0D4-44E1-A312-BB70F8835EB2}
	EndGlobalSection
EndGlobal
